# Runtime del port (forks propios, rama hybrid-heaven). Lo leen tools/build_linux.sh y
# port/build_windows.bat: clonan por URL y hacen checkout de NMR_COMMIT (no hay patch).
#
# SHAs reescritos (bloque 8.B): TODOS los commits de los forks cambiaron de identidad; el pin
# apunta al tip reescrito de la rama hybrid-heaven (incluye los commits de runtime de la sesion).
# Es valido en cuanto el usuario haga force-push de los forks (N64Recomp y despues N64ModernRuntime).
# Para probar el arbol local sin publicar, usar port/build_windows.local.bat (no toca git).
NMR_URL=https://github.com/hunkstalker/N64ModernRuntime.git
NMR_COMMIT=c765217648f9b235f3926e4c11a609dcd80574d2
# Referencia (los resuelve el .gitmodules del fork NMR; se listan para trazabilidad):
N64RECOMP_URL=https://github.com/hunkstalker/N64Recomp.git
N64RECOMP_COMMIT=cab94d912ff858d6574974cead7dbbcca09e282f
